// !$*UTF8*$!
{
	archiveVersion = 1;
	classes = {
	};
	objectVersion = 50;
	objects = {

/* Begin PBXBuildFile section */
		04A6906622DAB2A7008560BA /* AppDelegate.swift in Sources */ = {isa = PBXBuildFile; fileRef = 04A6906522DAB2A7008560BA /* AppDelegate.swift */; };
		04A6906822DAB2A7008560BA /* ViewController.swift in Sources */ = {isa = PBXBuildFile; fileRef = 04A6906722DAB2A7008560BA /* ViewController.swift */; };
		04A6906B22DAB2A7008560BA /* Main.storyboard in Resources */ = {isa = PBXBuildFile; fileRef = 04A6906922DAB2A7008560BA /* Main.storyboard */; };
		04A6906D22DAB2A8008560BA /* Assets.xcassets in Resources */ = {isa = PBXBuildFile; fileRef = 04A6906C22DAB2A8008560BA /* Assets.xcassets */; };
		04A6907022DAB2A8008560BA /* LaunchScreen.storyboard in Resources */ = {isa = PBXBuildFile; fileRef = 04A6906E22DAB2A8008560BA /* LaunchScreen.storyboard */; };
		04A6907822DABFE9008560BA /* Reachability.swift in Sources */ = {isa = PBXBuildFile; fileRef = 04A6907722DABFE9008560BA /* Reachability.swift */; };
		04A6907A22DAC02E008560BA /* AlertHelper.swift in Sources */ = {isa = PBXBuildFile; fileRef = 04A6907922DAC02E008560BA /* AlertHelper.swift */; };
/* End PBXBuildFile section */

/* Begin PBXFileReference section */
		04A6906222DAB2A7008560BA /* checkInternetReachability.app */ = {isa = PBXFileReference; explicitFileType = wrapper.application; includeInIndex = 0; path = checkInternetReachability.app; sourceTree = BUILT_PRODUCTS_DIR; };
		04A6906522DAB2A7008560BA /* AppDelegate.swift */ = {isa = PBXFileReference; lastKnownFileType = sourcecode.swift; path = AppDelegate.swift; sourceTree = "<group>"; };
		04A6906722DAB2A7008560BA /* ViewController.swift */ = {isa = PBXFileReference; lastKnownFileType = sourcecode.swift; path = ViewController.swift; sourceTree = "<group>"; };
		04A6906A22DAB2A7008560BA /* Base */ = {isa = PBXFileReference; lastKnownFileType = file.storyboard; name = Base; path = Base.lproj/Main.storyboard; sourceTree = "<group>"; };
		04A6906C22DAB2A8008560BA /* Assets.xcassets */ = {isa = PBXFileReference; lastKnownFileType = folder.assetcatalog; path = Assets.xcassets; sourceTree = "<group>"; };
		04A6906F22DAB2A8008560BA /* Base */ = {isa = PBXFileReference; lastKnownFileType = file.storyboard; name = Base; path = Base.lproj/LaunchScreen.storyboard; sourceTree = "<group>"; };
		04A6907122DAB2A8008560BA /* Info.plist */ = {isa = PBXFileReference; lastKnownFileType = text.plist.xml; path = Info.plist; sourceTree = "<group>"; };
		04A6907722DABFE9008560BA /* Reachability.swift */ = {isa = PBXFileReference; lastKnownFileType = sourcecode.swift; path = Reachability.swift; sourceTree = "<group>"; };
		04A6907922DAC02E008560BA /* AlertHelper.swift */ = {isa = PBXFileReference; lastKnownFileType = sourcecode.swift; path = AlertHelper.swift; sourceTree = "<group>"; };
/* End PBXFileReference section */

/* Begin PBXFrameworksBuildPhase section */
		04A6905F22DAB2A7008560BA /* Frameworks */ = {
			isa = PBXFrameworksBuildPhase;
			buildActionMask = 2147483647;
			files = (
			);
			runOnlyForDeploymentPostprocessing = 0;
		};
/* End PBXFrameworksBuildPhase section */

/* Begin PBXGroup section */
		04A6905922DAB2A7008560BA = {
			isa = PBXGroup;
			children = (
				04A6906422DAB2A7008560BA /* checkInternetReachability */,
				04A6906322DAB2A7008560BA /* Products */,
			);
			sourceTree = "<group>";
		};
		04A6906322DAB2A7008560BA /* Products */ = {
			isa = PBXGroup;
			children = (
				04A6906222DAB2A7008560BA /* checkInternetReachability.app */,
			);
			name = Products;
			sourceTree = "<group>";
		};
		04A6906422DAB2A7008560BA /* checkInternetReachability */ = {
			isa = PBXGroup;
			children = (
				04A6907722DABFE9008560BA /* Reachability.swift */,
				04A6906522DAB2A7008560BA /* AppDelegate.swift */,
				04A6906722DAB2A7008560BA /* ViewController.swift */,
				04A6907922DAC02E008560BA /* AlertHelper.swift */,
				04A6906922DAB2A7008560BA /* Main.storyboard */,
				04A6906C22DAB2A8008560BA /* Assets.xcassets */,
				04A6906E22DAB2A8008560BA /* LaunchScreen.storyboard */,
				04A6907122DAB2A8008560BA /* Info.plist */,
			);
			path = checkInternetReachability;
			sourceTree = "<group>";
		};
/* End PBXGroup section */

/* Begin PBXNativeTarget section */
		04A6906122DAB2A7008560BA /* checkInternetReachability */ = {
			isa = PBXNativeTarget;
			buildConfigurationList = 04A6907422DAB2A8008560BA /* Build configuration list for PBXNativeTarget "checkInternetReachability" */;
			buildPhases = (
				04A6905E22DAB2A7008560BA /* Sources */,
				04A6905F22DAB2A7008560BA /* Frameworks */,
				04A6906022DAB2A7008560BA /* Resources */,
			);
			buildRules = (
			);
			dependencies = (
			);
			name = checkInternetReachability;
			productName = checkInternetReachability;
			productReference = 04A6906222DAB2A7008560BA /* checkInternetReachability.app */;
			productType = "com.apple.product-type.application";
		};
/* End PBXNativeTarget section */

/* Begin PBXProject section */
		04A6905A22DAB2A7008560BA /* Project object */ = {
			isa = PBXProject;
			attributes = {
				LastSwiftUpdateCheck = 1020;
				LastUpgradeCheck = 1020;
				ORGANIZATIONNAME = "anh vu";
				TargetAttributes = {
					04A6906122DAB2A7008560BA = {
						CreatedOnToolsVersion = 10.2;
					};
				};
			};
			buildConfigurationList = 04A6905D22DAB2A7008560BA /* Build configuration list for PBXProject "checkInternetReachability" */;
			compatibilityVersion = "Xcode 9.3";
			developmentRegion = en;
			hasScannedForEncodings = 0;
			knownRegions = (
				en,
				Base,
			);
			mainGroup = 04A6905922DAB2A7008560BA;
			productRefGroup = 04A6906322DAB2A7008560BA /* Products */;
			projectDirPath = "";
			projectRoot = "";
			targets = (
				04A6906122DAB2A7008560BA /* checkInternetReachability */,
			);
		};
/* End PBXProject section */

/* Begin PBXResourcesBuildPhase section */
		04A6906022DAB2A7008560BA /* Resources */ = {
			isa = PBXResourcesBuildPhase;
			buildActionMask = 2147483647;
			files = (
				04A6907022DAB2A8008560BA /* LaunchScreen.storyboard in Resources */,
				04A6906D22DAB2A8008560BA /* Assets.xcassets in Resources */,
				04A6906B22DAB2A7008560BA /* Main.storyboard in Resources */,
			);
			runOnlyForDeploymentPostprocessing = 0;
		};
/* End PBXResourcesBuildPhase section */

/* Begin PBXSourcesBuildPhase section */
		04A6905E22DAB2A7008560BA /* Sources */ = {
			isa = PBXSourcesBuildPhase;
			buildActionMask = 2147483647;
			files = (
				04A6907A22DAC02E008560BA /* AlertHelper.swift in Sources */,
				04A6906822DAB2A7008560BA /* ViewController.swift in Sources */,
				04A6906622DAB2A7008560BA /* AppDelegate.swift in Sources */,
				04A6907822DABFE9008560BA /* Reachability.swift in Sources */,
			);
			runOnlyForDeploymentPostprocessing = 0;
		};
/* End PBXSourcesBuildPhase section */

/* Begin PBXVariantGroup section */
		04A6906922DAB2A7008560BA /* Main.storyboard */ = {
			isa = PBXVariantGroup;
			children = (
				04A6906A22DAB2A7008560BA /* Base */,
			);
			name = Main.storyboard;
			sourceTree = "<group>";
		};
		04A6906E22DAB2A8008560BA /* LaunchScreen.storyboard */ = {
			isa = PBXVariantGroup;
			children = (
				04A6906F22DAB2A8008560BA /* Base */,
			);
			name = LaunchScreen.storyboard;
			sourceTree = "<group>";
		};
/* End PBXVariantGroup section */

/* Begin XCBuildConfiguration section */
		04A6907222DAB2A8008560BA /* Debug */ = {
			isa = XCBuildConfiguration;
			buildSettings = {
				ALWAYS_SEARCH_USER_PATHS = NO;
				CLANG_ANALYZER_NONNULL = YES;
				CLANG_ANALYZER_NUMBER_OBJECT_CONVERSION = YES_AGGRESSIVE;
				CLANG_CXX_LANGUAGE_STANDARD = "gnu++14";
				CLANG_CXX_LIBRARY = "libc++";
				CLANG_ENABLE_MODULES = YES;
				CLANG_ENABLE_OBJC_ARC = YES;
				CLANG_ENABLE_OBJC_WEAK = YES;
				CLANG_WARN_BLOCK_CAPTURE_AUTORELEASING = YES;
				CLANG_WARN_BOOL_CONVERSION = YES;
				CLANG_WARN_COMMA = YES;
				CLANG_WARN_CONSTANT_CONVERSION = YES;
				CLANG_WARN_DEPRECATED_OBJC_IMPLEMENTATIONS = YES;
				CLANG_WARN_DIRECT_OBJC_ISA_USAGE = YES_ERROR;
				CLANG_WARN_DOCUMENTATION_COMMENTS = YES;
				CLANG_WARN_EMPTY_BODY = YES;
				CLANG_WARN_ENUM_CONVERSION = YES;
				CLANG_WARN_INFINITE_RECURSION = YES;
				CLANG_WARN_INT_CONVERSION = YES;
				CLANG_WARN_NON_LITERAL_NULL_CONVERSION = YES;
				CLANG_WARN_OBJC_IMPLICIT_RETAIN_SELF = YES;
				CLANG_WARN_OBJC_LITERAL_CONVERSION = YES;
				CLANG_WARN_OBJC_ROOT_CLASS = YES_ERROR;
				CLANG_WARN_RANGE_LOOP_ANALYSIS = YES;
				CLANG_WARN_STRICT_PROTOTYPES = YES;
				CLANG_WARN_SUSPICIOUS_MOVE = YES;
				CLANG_WARN_UNGUARDED_AVAILABILITY = YES_AGGRESSIVE;
				CLANG_WARN_UNREACHABLE_CODE = YES;
				CLANG_WARN__DUPLICATE_METHOD_MATCH = YES;
				CODE_SIGN_IDENTITY = "iPhone Developer";
				COPY_PHASE_STRIP = NO;
				DEBUG_INFORMATION_FORMAT = dwarf;
				ENABLE_STRICT_OBJC_MSGSEND = YES;
				ENABLE_TESTABILITY = YES;
				GCC_C_LANGUAGE_STANDARD = gnu11;
				GCC_DYNAMIC_NO_PIC = NO;
				GCC_NO_COMMON_BLOCKS = YES;
				GCC_OPTIMIZATION_LEVEL = 0;
				GCC_PREPROCESSOR_DEFINITIONS = (
					"DEBUG=1",
					"$(inherited)",
				);
				GCC_WARN_64_TO_32_BIT_CONVERSION = YES;
				GCC_WARN_ABOUT_RETURN_TYPE = YES_ERROR;
				GCC_WARN_UNDECLARED_SELECTOR = YES;
				GCC_WARN_UNINITIALIZED_AUTOS = YES_AGGRESSIVE;
				GCC_WARN_UNUSED_FUNCTION = YES;
				GCC_WARN_UNUSED_VARIABLE = YES;
				IPHONEOS_DEPLOYMENT_TARGET = 12.2;
				MTL_ENABLE_DEBUG_INFO = INCLUDE_SOURCE;
				MTL_FAST_MATH = YES;
				ONLY_ACTIVE_ARCH = YES;
				SDKROOT = iphoneos;
				SWIFT_ACTIVE_COMPILATION_CONDITIONS = DEBUG;
				SWIFT_OPTIMIZATION_LEVEL = "-Onone";
			};
			name = Debug;
		};
		04A6907322DAB2A8008560BA /* Release */ = {
			isa = XCBuildConfiguration;
			buildSettings = {
				ALWAYS_SEARCH_USER_PATHS = NO;
				CLANG_ANALYZER_NONNULL = YES;
				CLANG_ANALYZER_NUMBER_OBJECT_CONVERSION = YES_AGGRESSIVE;
				CLANG_CXX_LANGUAGE_STANDARD = "gnu++14";
				CLANG_CXX_LIBRARY = "libc++";
				CLANG_ENABLE_MODULES = YES;
				CLANG_ENABLE_OBJC_ARC = YES;
				CLANG_ENABLE_OBJC_WEAK = YES;
				CLANG_WARN_BLOCK_CAPTURE_AUTORELEASING = YES;
				CLANG_WARN_BOOL_CONVERSION = YES;
				CLANG_WARN_COMMA = YES;
				CLANG_WARN_CONSTANT_CONVERSION = YES;
				CLANG_WARN_DEPRECATED_OBJC_IMPLEMENTATIONS = YES;
				CLANG_WARN_DIRECT_OBJC_ISA_USAGE = YES_ERROR;
				CLANG_WARN_DOCUMENTATION_COMMENTS = YES;
				CLANG_WARN_EMPTY_BODY = YES;
				CLANG_WARN_ENUM_CONVERSION = YES;
				CLANG_WARN_INFINITE_RECURSION = YES;
				CLANG_WARN_INT_CONVERSION = YES;
				CLANG_WARN_NON_LITERAL_NULL_CONVERSION = YES;
				CLANG_WARN_OBJC_IMPLICIT_RETAIN_SELF = YES;
				CLANG_WARN_OBJC_LITERAL_CONVERSION = YES;
				CLANG_WARN_OBJC_ROOT_CLASS = YES_ERROR;
				CLANG_WARN_RANGE_LOOP_ANALYSIS = YES;
				CLANG_WARN_STRICT_PROTOTYPES = YES;
				CLANG_WARN_SUSPICIOUS_MOVE = YES;
				CLANG_WARN_UNGUARDED_AVAILABILITY = YES_AGGRESSIVE;
				CLANG_WARN_UNREACHABLE_CODE = YES;
				CLANG_WARN__DUPLICATE_METHOD_MATCH = YES;
				CODE_SIGN_IDENTITY = "iPhone Developer";
				COPY_PHASE_STRIP = NO;
				DEBUG_INFORMATION_FORMAT = "dwarf-with-dsym";
				ENABLE_NS_ASSERTIONS = NO;
				ENABLE_STRICT_OBJC_MSGSEND = YES;
				GCC_C_LANGUAGE_STANDARD = gnu11;
				GCC_NO_COMMON_BLOCKS = YES;
				GCC_WARN_64_TO_32_BIT_CONVERSION = YES;
				GCC_WARN_ABOUT_RETURN_TYPE = YES_ERROR;
				GCC_WARN_UNDECLARED_SELECTOR = YES;
				GCC_WARN_UNINITIALIZED_AUTOS = YES_AGGRESSIVE;
				GCC_WARN_UNUSED_FUNCTION = YES;
				GCC_WARN_UNUSED_VARIABLE = YES;
				IPHONEOS_DEPLOYMENT_TARGET = 12.2;
				MTL_ENABLE_DEBUG_INFO = NO;
				MTL_FAST_MATH = YES;
				SDKROOT = iphoneos;
				SWIFT_COMPILATION_MODE = wholemodule;
				SWIFT_OPTIMIZATION_LEVEL = "-O";
				VALIDATE_PRODUCT = YES;
			};
			name = Release;
		};
		04A6907522DAB2A8008560BA /* Debug */ = {
			isa = XCBuildConfiguration;
			buildSettings = {
				ASSETCATALOG_COMPILER_APPICON_NAME = AppIcon;
				CODE_SIGN_STYLE = Automatic;
				INFOPLIST_FILE = checkInternetReachability/Info.plist;
				IPHONEOS_DEPLOYMENT_TARGET = 12.2;
				LD_RUNPATH_SEARCH_PATHS = (
					"$(inherited)",
					"@executable_path/Frameworks",
				);
				PRODUCT_BUNDLE_IDENTIFIER = Anhvu.checkInternetReachability;
				PRODUCT_NAME = "$(TARGET_NAME)";
				SWIFT_VERSION = 5.0;
				TARGETED_DEVICE_FAMILY = "1,2";
			};
			name = Debug;
		};
		04A6907622DAB2A8008560BA /* Release */ = {
			isa = XCBuildConfiguration;
			buildSettings = {
				ASSETCATALOG_COMPILER_APPICON_NAME = AppIcon;
				CODE_SIGN_STYLE = Automatic;
				INFOPLIST_FILE = checkInternetReachability/Info.plist;
				IPHONEOS_DEPLOYMENT_TARGET = 12.2;
				LD_RUNPATH_SEARCH_PATHS = (
					"$(inherited)",
					"@executable_path/Frameworks",
				);
				PRODUCT_BUNDLE_IDENTIFIER = Anhvu.checkInternetReachability;
				PRODUCT_NAME = "$(TARGET_NAME)";
				SWIFT_VERSION = 5.0;
				TARGETED_DEVICE_FAMILY = "1,2";
			};
			name = Release;
		};
/* End XCBuildConfiguration section */

/* Begin XCConfigurationList section */
		04A6905D22DAB2A7008560BA /* Build configuration list for PBXProject "checkInternetReachability" */ = {
			isa = XCConfigurationList;
			buildConfigurations = (
				04A6907222DAB2A8008560BA /* Debug */,
				04A6907322DAB2A8008560BA /* Release */,
			);
			defaultConfigurationIsVisible = 0;
			defaultConfigurationName = Release;
		};
		04A6907422DAB2A8008560BA /* Build configuration list for PBXNativeTarget "checkInternetReachability" */ = {
			isa = XCConfigurationList;
			buildConfigurations = (
				04A6907522DAB2A8008560BA /* Debug */,
				04A6907622DAB2A8008560BA /* Release */,
			);
			defaultConfigurationIsVisible = 0;
			defaultConfigurationName = Release;
		};
/* End XCConfigurationList section */
	};
	rootObject = 04A6905A22DAB2A7008560BA /* Project object */;
}
